
Microsoft Visual Studio Solution File, Format Version 12.00
# Visual Studio Version 17
VisualStudioVersion = 17.11.35327.3
MinimumVisualStudioVersion = 10.0.40219.1
Project("{8BC9CEB8-8B4A-11D0-8D11-00A0C91BC942}") = "Curs4", "Curs4\Curs4.vcxproj", "{EC189471-B9AB-4202-80E2-75EC8FE70EAE}"
EndProject
Global
	GlobalSection(SolutionConfigurationPlatforms) = preSolution
		Debug|x64 = Debug|x64
		Debug|x86 = Debug|x86
		Release|x64 = Release|x64
		Release|x86 = Release|x86
	EndGlobalSection
	GlobalSection(ProjectConfigurationPlatforms) = postSolution
		{EC189471-B9AB-4202-80E2-75EC8FE70EAE}.Debug|x64.ActiveCfg = Debug|x64
		{EC189471-B9AB-4202-80E2-75EC8FE70EAE}.Debug|x64.Build.0 = Debug|x64
		{EC189471-B9AB-4202-80E2-75EC8FE70EAE}.Debug|x86.ActiveCfg = Debug|Win32
		{EC189471-B9AB-4202-80E2-75EC8FE70EAE}.Debug|x86.Build.0 = Debug|Win32
		{EC189471-B9AB-4202-80E2-75EC8FE70EAE}.Release|x64.ActiveCfg = Release|x64
		{EC189471-B9AB-4202-80E2-75EC8FE70EAE}.Release|x64.Build.0 = Release|x64
		{EC189471-B9AB-4202-80E2-75EC8FE70EAE}.Release|x86.ActiveCfg = Release|Win32
		{EC189471-B9AB-4202-80E2-75EC8FE70EAE}.Release|x86.Build.0 = Release|Win32
	EndGlobalSection
	GlobalSection(SolutionProperties) = preSolution
		HideSolutionNode = FALSE
	EndGlobalSection
	GlobalSection(ExtensibilityGlobals) = postSolution
		SolutionGuid = {7FDCF63D-C85A-4B50-AC2A-6D17F1173243}
	EndGlobalSection
EndGlobal
