
Microsoft Visual Studio Solution File, Format Version 12.00
# Visual Studio Version 17
VisualStudioVersion = 17.11.35431.28
MinimumVisualStudioVersion = 10.0.40219.1
Project("{8BC9CEB8-8B4A-11D0-8D11-00A0C91BC942}") = "Curs 11", "Curs 11\Curs 11.vcxproj", "{20D30AF1-BDEB-44EA-96D0-AAA12C86D47E}"
EndProject
Global
	GlobalSection(SolutionConfigurationPlatforms) = preSolution
		Debug|x64 = Debug|x64
		Debug|x86 = Debug|x86
		Release|x64 = Release|x64
		Release|x86 = Release|x86
	EndGlobalSection
	GlobalSection(ProjectConfigurationPlatforms) = postSolution
		{20D30AF1-BDEB-44EA-96D0-AAA12C86D47E}.Debug|x64.ActiveCfg = Debug|x64
		{20D30AF1-BDEB-44EA-96D0-AAA12C86D47E}.Debug|x64.Build.0 = Debug|x64
		{20D30AF1-BDEB-44EA-96D0-AAA12C86D47E}.Debug|x86.ActiveCfg = Debug|Win32
		{20D30AF1-BDEB-44EA-96D0-AAA12C86D47E}.Debug|x86.Build.0 = Debug|Win32
		{20D30AF1-BDEB-44EA-96D0-AAA12C86D47E}.Release|x64.ActiveCfg = Release|x64
		{20D30AF1-BDEB-44EA-96D0-AAA12C86D47E}.Release|x64.Build.0 = Release|x64
		{20D30AF1-BDEB-44EA-96D0-AAA12C86D47E}.Release|x86.ActiveCfg = Release|Win32
		{20D30AF1-BDEB-44EA-96D0-AAA12C86D47E}.Release|x86.Build.0 = Release|Win32
	EndGlobalSection
	GlobalSection(SolutionProperties) = preSolution
		HideSolutionNode = FALSE
	EndGlobalSection
	GlobalSection(ExtensibilityGlobals) = postSolution
		SolutionGuid = {B2EE1A7A-DA77-40A6-840E-05F2AE1933C3}
	EndGlobalSection
EndGlobal
