
Microsoft Visual Studio Solution File, Format Version 12.00
# Visual Studio Version 17
VisualStudioVersion = 17.13.35825.156 d17.13
MinimumVisualStudioVersion = 10.0.40219.1
Project("{8BC9CEB8-8B4A-11D0-8D11-00A0C91BC942}") = "Tema 12", "Tema 12\Tema 12.vcxproj", "{844C5177-A86D-4899-BE50-AE9DAFFC0717}"
EndProject
Global
	GlobalSection(SolutionConfigurationPlatforms) = preSolution
		Debug|x64 = Debug|x64
		Debug|x86 = Debug|x86
		Release|x64 = Release|x64
		Release|x86 = Release|x86
	EndGlobalSection
	GlobalSection(ProjectConfigurationPlatforms) = postSolution
		{844C5177-A86D-4899-BE50-AE9DAFFC0717}.Debug|x64.ActiveCfg = Debug|x64
		{844C5177-A86D-4899-BE50-AE9DAFFC0717}.Debug|x64.Build.0 = Debug|x64
		{844C5177-A86D-4899-BE50-AE9DAFFC0717}.Debug|x86.ActiveCfg = Debug|Win32
		{844C5177-A86D-4899-BE50-AE9DAFFC0717}.Debug|x86.Build.0 = Debug|Win32
		{844C5177-A86D-4899-BE50-AE9DAFFC0717}.Release|x64.ActiveCfg = Release|x64
		{844C5177-A86D-4899-BE50-AE9DAFFC0717}.Release|x64.Build.0 = Release|x64
		{844C5177-A86D-4899-BE50-AE9DAFFC0717}.Release|x86.ActiveCfg = Release|Win32
		{844C5177-A86D-4899-BE50-AE9DAFFC0717}.Release|x86.Build.0 = Release|Win32
	EndGlobalSection
	GlobalSection(SolutionProperties) = preSolution
		HideSolutionNode = FALSE
	EndGlobalSection
	GlobalSection(ExtensibilityGlobals) = postSolution
		SolutionGuid = {FF40F911-6716-43D1-9296-D8037FE5239F}
	EndGlobalSection
EndGlobal
